
Microsoft Visual Studio Solution File, Format Version 12.00
# Visual Studio Version 17
VisualStudioVersion = 17.0.32014.148
MinimumVisualStudioVersion = 10.0.40219.1
Project("{FAE04EC0-301F-11D3-BF4B-00C04F79EFBC}") = "HW 4.8.3", "HW 4.8.3\HW 4.8.3.csproj", "{1EA4EFB4-E94A-4A51-84DA-98277986790C}"
EndProject
Global
	GlobalSection(SolutionConfigurationPlatforms) = preSolution
		Debug|Any CPU = Debug|Any CPU
		Release|Any CPU = Release|Any CPU
	EndGlobalSection
	GlobalSection(ProjectConfigurationPlatforms) = postSolution
		{1EA4EFB4-E94A-4A51-84DA-98277986790C}.Debug|Any CPU.ActiveCfg = Debug|Any CPU
		{1EA4EFB4-E94A-4A51-84DA-98277986790C}.Debug|Any CPU.Build.0 = Debug|Any CPU
		{1EA4EFB4-E94A-4A51-84DA-98277986790C}.Release|Any CPU.ActiveCfg = Release|Any CPU
		{1EA4EFB4-E94A-4A51-84DA-98277986790C}.Release|Any CPU.Build.0 = Release|Any CPU
	EndGlobalSection
	GlobalSection(SolutionProperties) = preSolution
		HideSolutionNode = FALSE
	EndGlobalSection
	GlobalSection(ExtensibilityGlobals) = postSolution
		SolutionGuid = {89288E19-72CD-4820-ACE0-EFAD8D814497}
	EndGlobalSection
EndGlobal
